
Microsoft Visual Studio Solution File, Format Version 12.00
# Visual Studio 14
VisualStudioVersion = 14.0.25420.1
MinimumVisualStudioVersion = 10.0.40219.1
Project("{FAE04EC0-301F-11D3-BF4B-00C04F79EFBC}") = "Tests", "Tests\Tests.csproj", "{8500477B-5C7D-4D46-979E-7B5EFFB62B05}"
EndProject
Project("{FAE04EC0-301F-11D3-BF4B-00C04F79EFBC}") = "CSharpDefinitions", "CSharpDefinitions\CSharpDefinitions.csproj", "{27535361-0E80-4595-8C6D-AF22BC229B62}"
EndProject
Project("{FAE04EC0-301F-11D3-BF4B-00C04F79EFBC}") = "JSDoc", "JSDoc\JSDoc.csproj", "{D3F6509B-C18C-408D-8058-C6D602B01332}"
EndProject
Project("{FAE04EC0-301F-11D3-BF4B-00C04F79EFBC}") = "Common", "Common\Common.csproj", "{636CB942-275D-45B7-8468-28AE8CA35942}"
EndProject
Global
	GlobalSection(SolutionConfigurationPlatforms) = preSolution
		Debug|Any CPU = Debug|Any CPU
		Release|Any CPU = Release|Any CPU
	EndGlobalSection
	GlobalSection(ProjectConfigurationPlatforms) = postSolution
		{8500477B-5C7D-4D46-979E-7B5EFFB62B05}.Debug|Any CPU.ActiveCfg = Debug|Any CPU
		{8500477B-5C7D-4D46-979E-7B5EFFB62B05}.Debug|Any CPU.Build.0 = Debug|Any CPU
		{8500477B-5C7D-4D46-979E-7B5EFFB62B05}.Release|Any CPU.ActiveCfg = Release|Any CPU
		{8500477B-5C7D-4D46-979E-7B5EFFB62B05}.Release|Any CPU.Build.0 = Release|Any CPU
		{27535361-0E80-4595-8C6D-AF22BC229B62}.Debug|Any CPU.ActiveCfg = Debug|Any CPU
		{27535361-0E80-4595-8C6D-AF22BC229B62}.Debug|Any CPU.Build.0 = Debug|Any CPU
		{27535361-0E80-4595-8C6D-AF22BC229B62}.Release|Any CPU.ActiveCfg = Release|Any CPU
		{27535361-0E80-4595-8C6D-AF22BC229B62}.Release|Any CPU.Build.0 = Release|Any CPU
		{D3F6509B-C18C-408D-8058-C6D602B01332}.Debug|Any CPU.ActiveCfg = Debug|Any CPU
		{D3F6509B-C18C-408D-8058-C6D602B01332}.Debug|Any CPU.Build.0 = Debug|Any CPU
		{D3F6509B-C18C-408D-8058-C6D602B01332}.Release|Any CPU.ActiveCfg = Release|Any CPU
		{D3F6509B-C18C-408D-8058-C6D602B01332}.Release|Any CPU.Build.0 = Release|Any CPU
		{636CB942-275D-45B7-8468-28AE8CA35942}.Debug|Any CPU.ActiveCfg = Debug|Any CPU
		{636CB942-275D-45B7-8468-28AE8CA35942}.Debug|Any CPU.Build.0 = Debug|Any CPU
		{636CB942-275D-45B7-8468-28AE8CA35942}.Release|Any CPU.ActiveCfg = Release|Any CPU
		{636CB942-275D-45B7-8468-28AE8CA35942}.Release|Any CPU.Build.0 = Release|Any CPU
	EndGlobalSection
	GlobalSection(SolutionProperties) = preSolution
		HideSolutionNode = FALSE
	EndGlobalSection
EndGlobal
